
Microsoft Visual Studio Solution File, Format Version 12.00
# Visual Studio Version 17
VisualStudioVersion = 17.11.35431.28
MinimumVisualStudioVersion = 10.0.40219.1
Project("{FAE04EC0-301F-11D3-BF4B-00C04F79EFBC}") = "AoC2024", "AoC2024.csproj", "{1F403825-B8BD-4964-A6C9-160330CA3813}"
EndProject
Global
	GlobalSection(SolutionConfigurationPlatforms) = preSolution
		Debug|Any CPU = Debug|Any CPU
		Release|Any CPU = Release|Any CPU
	EndGlobalSection
	GlobalSection(ProjectConfigurationPlatforms) = postSolution
		{1F403825-B8BD-4964-A6C9-160330CA3813}.Debug|Any CPU.ActiveCfg = Debug|Any CPU
		{1F403825-B8BD-4964-A6C9-160330CA3813}.Debug|Any CPU.Build.0 = Debug|Any CPU
		{1F403825-B8BD-4964-A6C9-160330CA3813}.Release|Any CPU.ActiveCfg = Release|Any CPU
		{1F403825-B8BD-4964-A6C9-160330CA3813}.Release|Any CPU.Build.0 = Release|Any CPU
	EndGlobalSection
	GlobalSection(SolutionProperties) = preSolution
		HideSolutionNode = FALSE
	EndGlobalSection
	GlobalSection(ExtensibilityGlobals) = postSolution
		SolutionGuid = {D8969247-71E3-4147-9E65-CD9EA67EA2BC}
	EndGlobalSection
EndGlobal
